
Microsoft Visual Studio Solution File, Format Version 12.00
# Visual Studio Version 16
VisualStudioVersion = 16.0.30611.23
MinimumVisualStudioVersion = 10.0.40219.1
Project("{FAE04EC0-301F-11D3-BF4B-00C04F79EFBC}") = "MyProject1", "MyProject1.csproj", "{766651B6-4D64-4C97-893B-5EB724FEEF9C}"
EndProject
Global
	GlobalSection(SolutionConfigurationPlatforms) = preSolution
		Debug|Any CPU = Debug|Any CPU
		Release|Any CPU = Release|Any CPU
	EndGlobalSection
	GlobalSection(ProjectConfigurationPlatforms) = postSolution
		{766651B6-4D64-4C97-893B-5EB724FEEF9C}.Debug|Any CPU.ActiveCfg = Debug|Any CPU
		{766651B6-4D64-4C97-893B-5EB724FEEF9C}.Debug|Any CPU.Build.0 = Debug|Any CPU
		{766651B6-4D64-4C97-893B-5EB724FEEF9C}.Release|Any CPU.ActiveCfg = Release|Any CPU
		{766651B6-4D64-4C97-893B-5EB724FEEF9C}.Release|Any CPU.Build.0 = Release|Any CPU
	EndGlobalSection
	GlobalSection(SolutionProperties) = preSolution
		HideSolutionNode = FALSE
	EndGlobalSection
	GlobalSection(ExtensibilityGlobals) = postSolution
		SolutionGuid = {7D63AE06-0BDC-4DB9-A6D3-A1EB7B87D284}
	EndGlobalSection
EndGlobal
